# This file is autogenerated, do not edit; changes may be undone by the next 'dep ensure'.


[[projects]]
  name = "github.com/subchen/go-log"
  packages = [
    ".",
    "formatters"
  ]
  revision = "f16df80d3e9a3ad718220a605d358fd2ae3588b1"
  version = "v3.0.0"

[[projects]]
  branch = "master"
  name = "golang.org/x/crypto"
  packages = ["ssh/terminal"]
  revision = "1a580b3eff7814fc9b40602fd35256c63b50f491"

[[projects]]
  branch = "master"
  name = "golang.org/x/sys"
  packages = [
    "unix",
    "windows"
  ]
  revision = "7c87d13f8e835d2fb3a70a2912c811ed0c1d241b"

[solve-meta]
  analyzer-name = "dep"
  analyzer-version = 1
  inputs-digest = "a5aba1cac2d4e359654fc497a21daf667cc2a4a7793e5022501a77c73a8c0912"
  solver-name = "gps-cdcl"
  solver-version = 1
